
Microsoft Visual Studio Solution File, Format Version 12.00
# Visual Studio 2013
VisualStudioVersion = 12.0.21005.1
MinimumVisualStudioVersion = 10.0.40219.1
Project("{FAE04EC0-301F-11D3-BF4B-00C04F79EFBC}") = "CoinTrade", "CoinTrade\CoinTrade.csproj", "{869E1CA9-542C-4368-99BF-E23E0C60DF08}"
EndProject
Project("{FAE04EC0-301F-11D3-BF4B-00C04F79EFBC}") = "Prism.Desktop", "Prism4.1\Prism\Prism.Desktop.csproj", "{77138947-1D13-4E22-AEE0-5D0DD046CA34}"
EndProject
Project("{2150E333-8FDC-42A3-9474-1A3956D46DE8}") = "Prism4.1", "Prism4.1", "{DCF16FF2-1FEC-4BAE-83E6-6F80C2FF765E}"
EndProject
Project("{FAE04EC0-301F-11D3-BF4B-00C04F79EFBC}") = "Prism.MefExtensions.Desktop", "Prism4.1\Prism.MefExtensions\Prism.MefExtensions.Desktop.csproj", "{6ED61550-8E7A-42C6-9B30-380C6F97ED55}"
EndProject
Project("{FAE04EC0-301F-11D3-BF4B-00C04F79EFBC}") = "MarketModule", "MarketModule\MarketModule.csproj", "{E1E29F46-AF42-4570-85B3-6BFCA930BB9F}"
EndProject
Project("{FAE04EC0-301F-11D3-BF4B-00C04F79EFBC}") = "Base", "CoinTradeBase\Base.csproj", "{C4DAB961-9033-4839-B54D-4A740BE6F90F}"
EndProject
Project("{FAE04EC0-301F-11D3-BF4B-00C04F79EFBC}") = "FundModule", "FundModule\FundModule.csproj", "{41612B33-E42E-43FB-9DE4-2F32A1C7F929}"
EndProject
Project("{2150E333-8FDC-42A3-9474-1A3956D46DE8}") = "Api", "Api", "{785351F9-CF87-4097-86D8-36134279A38B}"
EndProject
Project("{FAE04EC0-301F-11D3-BF4B-00C04F79EFBC}") = "Infrastructure", "Infrastructure\Infrastructure.csproj", "{A29C8DC2-88DE-43B7-B0ED-637DAEE3C555}"
EndProject
Project("{FAE04EC0-301F-11D3-BF4B-00C04F79EFBC}") = "Btcltc", "Api\Btcltc\Btcltc.csproj", "{526E1CEF-4608-46AE-A263-F490A4ADFFE3}"
EndProject
Project("{FAE04EC0-301F-11D3-BF4B-00C04F79EFBC}") = "Cryptsy", "Api\Cryptsy\Cryptsy.csproj", "{4BBDAB57-6A57-4B0C-9F1C-A109810CEEA2}"
EndProject
Project("{FAE04EC0-301F-11D3-BF4B-00C04F79EFBC}") = "Bter", "Api\Bter\Bter.csproj", "{80E225C6-552B-426C-A765-BB3FE71967B7}"
EndProject
Project("{FAE04EC0-301F-11D3-BF4B-00C04F79EFBC}") = "Btc38", "Api\Btc38\Btc38.csproj", "{0649D2FD-ACBC-4F9F-8068-A5616BA55974}"
EndProject
Project("{FAE04EC0-301F-11D3-BF4B-00C04F79EFBC}") = "ConfigModule", "ConfigModule\ConfigModule.csproj", "{20C9390D-679D-40BB-9C4F-717C81BF2ACB}"
EndProject
Project("{FAE04EC0-301F-11D3-BF4B-00C04F79EFBC}") = "TradeModule", "TradeModule\TradeModule.csproj", "{E355653F-EC90-4C80-9048-694BD90C9DDD}"
EndProject
Project("{FAE04EC0-301F-11D3-BF4B-00C04F79EFBC}") = "Btce", "Api\Btce\Btce.csproj", "{502FDC97-1B08-41AD-ACB9-4824847E421F}"
EndProject
Project("{FAE04EC0-301F-11D3-BF4B-00C04F79EFBC}") = "MtGox", "Api\MtGox\MtGox.csproj", "{AF056C36-B8FE-4E6D-9661-3580C08C84F3}"
EndProject
Project("{FAE04EC0-301F-11D3-BF4B-00C04F79EFBC}") = "Vircurex", "Api\Vircurex\Vircurex.csproj", "{9A3D114B-11F4-4398-852C-A0EF4E1C0FB1}"
EndProject
Project("{FAE04EC0-301F-11D3-BF4B-00C04F79EFBC}") = "StatusModule", "StatusModule\StatusModule.csproj", "{2BF017FC-B78A-4615-815E-7F8EB4BD20C7}"
EndProject
Project("{FAE04EC0-301F-11D3-BF4B-00C04F79EFBC}") = "BtcChina", "Api\BtcChina\BtcChina.csproj", "{173C4D91-8BCA-4D52-879A-975BFB2FC3EC}"
EndProject
Project("{FAE04EC0-301F-11D3-BF4B-00C04F79EFBC}") = "Bitstamp", "Api\Bitstamp\Bitstamp.csproj", "{9D3D6396-B2E2-4E8D-80BA-503BC5897A91}"
EndProject
Project("{FAE04EC0-301F-11D3-BF4B-00C04F79EFBC}") = "RateInfo", "Api\RateInfo\RateInfo.csproj", "{234F833D-08FA-4F65-A711-A215CFC81A01}"
EndProject
Project("{FAE04EC0-301F-11D3-BF4B-00C04F79EFBC}") = "ApiBase", "ApiBase\ApiBase.csproj", "{DCE66FFB-B70E-45DF-9E71-9260353A497F}"
EndProject
Project("{FAE04EC0-301F-11D3-BF4B-00C04F79EFBC}") = "OKCoin", "Api\OKCoin\OKCoin.csproj", "{FBC12AB1-A599-426F-86EB-EDE9D15E291F}"
EndProject
Project("{FAE04EC0-301F-11D3-BF4B-00C04F79EFBC}") = "Xchange796", "Api\Xchange796\Xchange796.csproj", "{6E81D24F-392E-4FD0-91AA-FCAFEFC948E4}"
EndProject
Project("{FAE04EC0-301F-11D3-BF4B-00C04F79EFBC}") = "BtcTrade", "Api\BtcTrade\BtcTrade.csproj", "{AA2BAAA8-1A85-42D1-8009-C6DCC4C97552}"
EndProject
Project("{FAE04EC0-301F-11D3-BF4B-00C04F79EFBC}") = "Fxbtc", "Api\Fxbtc\Fxbtc.csproj", "{7297B599-BBFE-4146-950D-7F05A3CA4C37}"
EndProject
Project("{FAE04EC0-301F-11D3-BF4B-00C04F79EFBC}") = "Rmbtb", "Api\Rmbtb\Rmbtb.csproj", "{C9DD0A76-9B56-4C83-B48A-FFB46784E332}"
EndProject
Project("{FAE04EC0-301F-11D3-BF4B-00C04F79EFBC}") = "CryptoTrade", "Api\CryptoTrade\CryptoTrade.csproj", "{20B0EEEC-1728-47AD-B69F-F45E394F10F5}"
EndProject
Project("{FAE04EC0-301F-11D3-BF4B-00C04F79EFBC}") = "AlertModule", "AlertModule\AlertModule.csproj", "{6AF4DD77-9056-4EA0-A67A-0633392503FC}"
EndProject
Project("{FAE04EC0-301F-11D3-BF4B-00C04F79EFBC}") = "Chbtc", "Api\Chbtc\Chbtc.csproj", "{002E25C9-2021-46B6-BEC1-575CD5ACD19F}"
EndProject
Project("{FAE04EC0-301F-11D3-BF4B-00C04F79EFBC}") = "CoinedUp", "Api\CoinedUp\CoinedUp.csproj", "{31B366B2-5D95-40A5-B0FE-0AB27FDEC2E7}"
EndProject
Project("{FAE04EC0-301F-11D3-BF4B-00C04F79EFBC}") = "ChartModule", "ChartModule\ChartModule.csproj", "{B31F5E67-4046-42B3-ABB3-99C840B57B4E}"
EndProject
Global
	GlobalSection(SolutionConfigurationPlatforms) = preSolution
		Debug|Any CPU = Debug|Any CPU
		Release|Any CPU = Release|Any CPU
	EndGlobalSection
	GlobalSection(ProjectConfigurationPlatforms) = postSolution
		{869E1CA9-542C-4368-99BF-E23E0C60DF08}.Debug|Any CPU.ActiveCfg = Debug|Any CPU
		{869E1CA9-542C-4368-99BF-E23E0C60DF08}.Debug|Any CPU.Build.0 = Debug|Any CPU
		{869E1CA9-542C-4368-99BF-E23E0C60DF08}.Release|Any CPU.ActiveCfg = Release|Any CPU
		{869E1CA9-542C-4368-99BF-E23E0C60DF08}.Release|Any CPU.Build.0 = Release|Any CPU
		{77138947-1D13-4E22-AEE0-5D0DD046CA34}.Debug|Any CPU.ActiveCfg = Debug|Any CPU
		{77138947-1D13-4E22-AEE0-5D0DD046CA34}.Debug|Any CPU.Build.0 = Debug|Any CPU
		{77138947-1D13-4E22-AEE0-5D0DD046CA34}.Release|Any CPU.ActiveCfg = Release|Any CPU
		{77138947-1D13-4E22-AEE0-5D0DD046CA34}.Release|Any CPU.Build.0 = Release|Any CPU
		{6ED61550-8E7A-42C6-9B30-380C6F97ED55}.Debug|Any CPU.ActiveCfg = Debug|Any CPU
		{6ED61550-8E7A-42C6-9B30-380C6F97ED55}.Debug|Any CPU.Build.0 = Debug|Any CPU
		{6ED61550-8E7A-42C6-9B30-380C6F97ED55}.Release|Any CPU.ActiveCfg = Release|Any CPU
		{6ED61550-8E7A-42C6-9B30-380C6F97ED55}.Release|Any CPU.Build.0 = Release|Any CPU
		{E1E29F46-AF42-4570-85B3-6BFCA930BB9F}.Debug|Any CPU.ActiveCfg = Debug|Any CPU
		{E1E29F46-AF42-4570-85B3-6BFCA930BB9F}.Debug|Any CPU.Build.0 = Debug|Any CPU
		{E1E29F46-AF42-4570-85B3-6BFCA930BB9F}.Release|Any CPU.ActiveCfg = Release|Any CPU
		{E1E29F46-AF42-4570-85B3-6BFCA930BB9F}.Release|Any CPU.Build.0 = Release|Any CPU
		{C4DAB961-9033-4839-B54D-4A740BE6F90F}.Debug|Any CPU.ActiveCfg = Debug|Any CPU
		{C4DAB961-9033-4839-B54D-4A740BE6F90F}.Debug|Any CPU.Build.0 = Debug|Any CPU
		{C4DAB961-9033-4839-B54D-4A740BE6F90F}.Release|Any CPU.ActiveCfg = Release|Any CPU
		{C4DAB961-9033-4839-B54D-4A740BE6F90F}.Release|Any CPU.Build.0 = Release|Any CPU
		{41612B33-E42E-43FB-9DE4-2F32A1C7F929}.Debug|Any CPU.ActiveCfg = Debug|Any CPU
		{41612B33-E42E-43FB-9DE4-2F32A1C7F929}.Debug|Any CPU.Build.0 = Debug|Any CPU
		{41612B33-E42E-43FB-9DE4-2F32A1C7F929}.Release|Any CPU.ActiveCfg = Release|Any CPU
		{41612B33-E42E-43FB-9DE4-2F32A1C7F929}.Release|Any CPU.Build.0 = Release|Any CPU
		{A29C8DC2-88DE-43B7-B0ED-637DAEE3C555}.Debug|Any CPU.ActiveCfg = Debug|Any CPU
		{A29C8DC2-88DE-43B7-B0ED-637DAEE3C555}.Debug|Any CPU.Build.0 = Debug|Any CPU
		{A29C8DC2-88DE-43B7-B0ED-637DAEE3C555}.Release|Any CPU.ActiveCfg = Release|Any CPU
		{A29C8DC2-88DE-43B7-B0ED-637DAEE3C555}.Release|Any CPU.Build.0 = Release|Any CPU
		{526E1CEF-4608-46AE-A263-F490A4ADFFE3}.Debug|Any CPU.ActiveCfg = Debug|Any CPU
		{526E1CEF-4608-46AE-A263-F490A4ADFFE3}.Debug|Any CPU.Build.0 = Debug|Any CPU
		{526E1CEF-4608-46AE-A263-F490A4ADFFE3}.Release|Any CPU.ActiveCfg = Release|Any CPU
		{526E1CEF-4608-46AE-A263-F490A4ADFFE3}.Release|Any CPU.Build.0 = Release|Any CPU
		{4BBDAB57-6A57-4B0C-9F1C-A109810CEEA2}.Debug|Any CPU.ActiveCfg = Debug|Any CPU
		{4BBDAB57-6A57-4B0C-9F1C-A109810CEEA2}.Debug|Any CPU.Build.0 = Debug|Any CPU
		{4BBDAB57-6A57-4B0C-9F1C-A109810CEEA2}.Release|Any CPU.ActiveCfg = Release|Any CPU
		{4BBDAB57-6A57-4B0C-9F1C-A109810CEEA2}.Release|Any CPU.Build.0 = Release|Any CPU
		{80E225C6-552B-426C-A765-BB3FE71967B7}.Debug|Any CPU.ActiveCfg = Debug|Any CPU
		{80E225C6-552B-426C-A765-BB3FE71967B7}.Debug|Any CPU.Build.0 = Debug|Any CPU
		{80E225C6-552B-426C-A765-BB3FE71967B7}.Release|Any CPU.ActiveCfg = Release|Any CPU
		{80E225C6-552B-426C-A765-BB3FE71967B7}.Release|Any CPU.Build.0 = Release|Any CPU
		{0649D2FD-ACBC-4F9F-8068-A5616BA55974}.Debug|Any CPU.ActiveCfg = Debug|Any CPU
		{0649D2FD-ACBC-4F9F-8068-A5616BA55974}.Debug|Any CPU.Build.0 = Debug|Any CPU
		{0649D2FD-ACBC-4F9F-8068-A5616BA55974}.Release|Any CPU.ActiveCfg = Release|Any CPU
		{0649D2FD-ACBC-4F9F-8068-A5616BA55974}.Release|Any CPU.Build.0 = Release|Any CPU
		{20C9390D-679D-40BB-9C4F-717C81BF2ACB}.Debug|Any CPU.ActiveCfg = Debug|Any CPU
		{20C9390D-679D-40BB-9C4F-717C81BF2ACB}.Debug|Any CPU.Build.0 = Debug|Any CPU
		{20C9390D-679D-40BB-9C4F-717C81BF2ACB}.Release|Any CPU.ActiveCfg = Release|Any CPU
		{20C9390D-679D-40BB-9C4F-717C81BF2ACB}.Release|Any CPU.Build.0 = Release|Any CPU
		{E355653F-EC90-4C80-9048-694BD90C9DDD}.Debug|Any CPU.ActiveCfg = Debug|Any CPU
		{E355653F-EC90-4C80-9048-694BD90C9DDD}.Debug|Any CPU.Build.0 = Debug|Any CPU
		{E355653F-EC90-4C80-9048-694BD90C9DDD}.Release|Any CPU.ActiveCfg = Release|Any CPU
		{E355653F-EC90-4C80-9048-694BD90C9DDD}.Release|Any CPU.Build.0 = Release|Any CPU
		{502FDC97-1B08-41AD-ACB9-4824847E421F}.Debug|Any CPU.ActiveCfg = Debug|Any CPU
		{502FDC97-1B08-41AD-ACB9-4824847E421F}.Debug|Any CPU.Build.0 = Debug|Any CPU
		{502FDC97-1B08-41AD-ACB9-4824847E421F}.Release|Any CPU.ActiveCfg = Release|Any CPU
		{502FDC97-1B08-41AD-ACB9-4824847E421F}.Release|Any CPU.Build.0 = Release|Any CPU
		{AF056C36-B8FE-4E6D-9661-3580C08C84F3}.Debug|Any CPU.ActiveCfg = Debug|Any CPU
		{AF056C36-B8FE-4E6D-9661-3580C08C84F3}.Debug|Any CPU.Build.0 = Debug|Any CPU
		{AF056C36-B8FE-4E6D-9661-3580C08C84F3}.Release|Any CPU.ActiveCfg = Release|Any CPU
		{AF056C36-B8FE-4E6D-9661-3580C08C84F3}.Release|Any CPU.Build.0 = Release|Any CPU
		{9A3D114B-11F4-4398-852C-A0EF4E1C0FB1}.Debug|Any CPU.ActiveCfg = Debug|Any CPU
		{9A3D114B-11F4-4398-852C-A0EF4E1C0FB1}.Debug|Any CPU.Build.0 = Debug|Any CPU
		{9A3D114B-11F4-4398-852C-A0EF4E1C0FB1}.Release|Any CPU.ActiveCfg = Release|Any CPU
		{9A3D114B-11F4-4398-852C-A0EF4E1C0FB1}.Release|Any CPU.Build.0 = Release|Any CPU
		{2BF017FC-B78A-4615-815E-7F8EB4BD20C7}.Debug|Any CPU.ActiveCfg = Debug|Any CPU
		{2BF017FC-B78A-4615-815E-7F8EB4BD20C7}.Debug|Any CPU.Build.0 = Debug|Any CPU
		{2BF017FC-B78A-4615-815E-7F8EB4BD20C7}.Release|Any CPU.ActiveCfg = Release|Any CPU
		{2BF017FC-B78A-4615-815E-7F8EB4BD20C7}.Release|Any CPU.Build.0 = Release|Any CPU
		{173C4D91-8BCA-4D52-879A-975BFB2FC3EC}.Debug|Any CPU.ActiveCfg = Debug|Any CPU
		{173C4D91-8BCA-4D52-879A-975BFB2FC3EC}.Debug|Any CPU.Build.0 = Debug|Any CPU
		{173C4D91-8BCA-4D52-879A-975BFB2FC3EC}.Release|Any CPU.ActiveCfg = Release|Any CPU
		{173C4D91-8BCA-4D52-879A-975BFB2FC3EC}.Release|Any CPU.Build.0 = Release|Any CPU
		{9D3D6396-B2E2-4E8D-80BA-503BC5897A91}.Debug|Any CPU.ActiveCfg = Debug|Any CPU
		{9D3D6396-B2E2-4E8D-80BA-503BC5897A91}.Debug|Any CPU.Build.0 = Debug|Any CPU
		{9D3D6396-B2E2-4E8D-80BA-503BC5897A91}.Release|Any CPU.ActiveCfg = Release|Any CPU
		{9D3D6396-B2E2-4E8D-80BA-503BC5897A91}.Release|Any CPU.Build.0 = Release|Any CPU
		{234F833D-08FA-4F65-A711-A215CFC81A01}.Debug|Any CPU.ActiveCfg = Debug|Any CPU
		{234F833D-08FA-4F65-A711-A215CFC81A01}.Debug|Any CPU.Build.0 = Debug|Any CPU
		{234F833D-08FA-4F65-A711-A215CFC81A01}.Release|Any CPU.ActiveCfg = Release|Any CPU
		{234F833D-08FA-4F65-A711-A215CFC81A01}.Release|Any CPU.Build.0 = Release|Any CPU
		{DCE66FFB-B70E-45DF-9E71-9260353A497F}.Debug|Any CPU.ActiveCfg = Debug|Any CPU
		{DCE66FFB-B70E-45DF-9E71-9260353A497F}.Debug|Any CPU.Build.0 = Debug|Any CPU
		{DCE66FFB-B70E-45DF-9E71-9260353A497F}.Release|Any CPU.ActiveCfg = Release|Any CPU
		{DCE66FFB-B70E-45DF-9E71-9260353A497F}.Release|Any CPU.Build.0 = Release|Any CPU
		{FBC12AB1-A599-426F-86EB-EDE9D15E291F}.Debug|Any CPU.ActiveCfg = Debug|Any CPU
		{FBC12AB1-A599-426F-86EB-EDE9D15E291F}.Debug|Any CPU.Build.0 = Debug|Any CPU
		{FBC12AB1-A599-426F-86EB-EDE9D15E291F}.Release|Any CPU.ActiveCfg = Release|Any CPU
		{FBC12AB1-A599-426F-86EB-EDE9D15E291F}.Release|Any CPU.Build.0 = Release|Any CPU
		{6E81D24F-392E-4FD0-91AA-FCAFEFC948E4}.Debug|Any CPU.ActiveCfg = Debug|Any CPU
		{6E81D24F-392E-4FD0-91AA-FCAFEFC948E4}.Debug|Any CPU.Build.0 = Debug|Any CPU
		{6E81D24F-392E-4FD0-91AA-FCAFEFC948E4}.Release|Any CPU.ActiveCfg = Release|Any CPU
		{6E81D24F-392E-4FD0-91AA-FCAFEFC948E4}.Release|Any CPU.Build.0 = Release|Any CPU
		{AA2BAAA8-1A85-42D1-8009-C6DCC4C97552}.Debug|Any CPU.ActiveCfg = Debug|Any CPU
		{AA2BAAA8-1A85-42D1-8009-C6DCC4C97552}.Debug|Any CPU.Build.0 = Debug|Any CPU
		{AA2BAAA8-1A85-42D1-8009-C6DCC4C97552}.Release|Any CPU.ActiveCfg = Release|Any CPU
		{AA2BAAA8-1A85-42D1-8009-C6DCC4C97552}.Release|Any CPU.Build.0 = Release|Any CPU
		{7297B599-BBFE-4146-950D-7F05A3CA4C37}.Debug|Any CPU.ActiveCfg = Debug|Any CPU
		{7297B599-BBFE-4146-950D-7F05A3CA4C37}.Debug|Any CPU.Build.0 = Debug|Any CPU
		{7297B599-BBFE-4146-950D-7F05A3CA4C37}.Release|Any CPU.ActiveCfg = Release|Any CPU
		{7297B599-BBFE-4146-950D-7F05A3CA4C37}.Release|Any CPU.Build.0 = Release|Any CPU
		{C9DD0A76-9B56-4C83-B48A-FFB46784E332}.Debug|Any CPU.ActiveCfg = Debug|Any CPU
		{C9DD0A76-9B56-4C83-B48A-FFB46784E332}.Debug|Any CPU.Build.0 = Debug|Any CPU
		{C9DD0A76-9B56-4C83-B48A-FFB46784E332}.Release|Any CPU.ActiveCfg = Release|Any CPU
		{C9DD0A76-9B56-4C83-B48A-FFB46784E332}.Release|Any CPU.Build.0 = Release|Any CPU
		{20B0EEEC-1728-47AD-B69F-F45E394F10F5}.Debug|Any CPU.ActiveCfg = Debug|Any CPU
		{20B0EEEC-1728-47AD-B69F-F45E394F10F5}.Debug|Any CPU.Build.0 = Debug|Any CPU
		{20B0EEEC-1728-47AD-B69F-F45E394F10F5}.Release|Any CPU.ActiveCfg = Release|Any CPU
		{20B0EEEC-1728-47AD-B69F-F45E394F10F5}.Release|Any CPU.Build.0 = Release|Any CPU
		{6AF4DD77-9056-4EA0-A67A-0633392503FC}.Debug|Any CPU.ActiveCfg = Debug|Any CPU
		{6AF4DD77-9056-4EA0-A67A-0633392503FC}.Debug|Any CPU.Build.0 = Debug|Any CPU
		{6AF4DD77-9056-4EA0-A67A-0633392503FC}.Release|Any CPU.ActiveCfg = Release|Any CPU
		{6AF4DD77-9056-4EA0-A67A-0633392503FC}.Release|Any CPU.Build.0 = Release|Any CPU
		{002E25C9-2021-46B6-BEC1-575CD5ACD19F}.Debug|Any CPU.ActiveCfg = Debug|Any CPU
		{002E25C9-2021-46B6-BEC1-575CD5ACD19F}.Debug|Any CPU.Build.0 = Debug|Any CPU
		{002E25C9-2021-46B6-BEC1-575CD5ACD19F}.Release|Any CPU.ActiveCfg = Release|Any CPU
		{002E25C9-2021-46B6-BEC1-575CD5ACD19F}.Release|Any CPU.Build.0 = Release|Any CPU
		{31B366B2-5D95-40A5-B0FE-0AB27FDEC2E7}.Debug|Any CPU.ActiveCfg = Debug|Any CPU
		{31B366B2-5D95-40A5-B0FE-0AB27FDEC2E7}.Debug|Any CPU.Build.0 = Debug|Any CPU
		{31B366B2-5D95-40A5-B0FE-0AB27FDEC2E7}.Release|Any CPU.ActiveCfg = Release|Any CPU
		{31B366B2-5D95-40A5-B0FE-0AB27FDEC2E7}.Release|Any CPU.Build.0 = Release|Any CPU
		{B31F5E67-4046-42B3-ABB3-99C840B57B4E}.Debug|Any CPU.ActiveCfg = Debug|Any CPU
		{B31F5E67-4046-42B3-ABB3-99C840B57B4E}.Debug|Any CPU.Build.0 = Debug|Any CPU
		{B31F5E67-4046-42B3-ABB3-99C840B57B4E}.Release|Any CPU.ActiveCfg = Release|Any CPU
		{B31F5E67-4046-42B3-ABB3-99C840B57B4E}.Release|Any CPU.Build.0 = Release|Any CPU
	EndGlobalSection
	GlobalSection(SolutionProperties) = preSolution
		HideSolutionNode = FALSE
	EndGlobalSection
	GlobalSection(NestedProjects) = preSolution
		{77138947-1D13-4E22-AEE0-5D0DD046CA34} = {DCF16FF2-1FEC-4BAE-83E6-6F80C2FF765E}
		{6ED61550-8E7A-42C6-9B30-380C6F97ED55} = {DCF16FF2-1FEC-4BAE-83E6-6F80C2FF765E}
		{526E1CEF-4608-46AE-A263-F490A4ADFFE3} = {785351F9-CF87-4097-86D8-36134279A38B}
		{4BBDAB57-6A57-4B0C-9F1C-A109810CEEA2} = {785351F9-CF87-4097-86D8-36134279A38B}
		{80E225C6-552B-426C-A765-BB3FE71967B7} = {785351F9-CF87-4097-86D8-36134279A38B}
		{0649D2FD-ACBC-4F9F-8068-A5616BA55974} = {785351F9-CF87-4097-86D8-36134279A38B}
		{502FDC97-1B08-41AD-ACB9-4824847E421F} = {785351F9-CF87-4097-86D8-36134279A38B}
		{AF056C36-B8FE-4E6D-9661-3580C08C84F3} = {785351F9-CF87-4097-86D8-36134279A38B}
		{9A3D114B-11F4-4398-852C-A0EF4E1C0FB1} = {785351F9-CF87-4097-86D8-36134279A38B}
		{173C4D91-8BCA-4D52-879A-975BFB2FC3EC} = {785351F9-CF87-4097-86D8-36134279A38B}
		{9D3D6396-B2E2-4E8D-80BA-503BC5897A91} = {785351F9-CF87-4097-86D8-36134279A38B}
		{234F833D-08FA-4F65-A711-A215CFC81A01} = {785351F9-CF87-4097-86D8-36134279A38B}
		{FBC12AB1-A599-426F-86EB-EDE9D15E291F} = {785351F9-CF87-4097-86D8-36134279A38B}
		{6E81D24F-392E-4FD0-91AA-FCAFEFC948E4} = {785351F9-CF87-4097-86D8-36134279A38B}
		{AA2BAAA8-1A85-42D1-8009-C6DCC4C97552} = {785351F9-CF87-4097-86D8-36134279A38B}
		{7297B599-BBFE-4146-950D-7F05A3CA4C37} = {785351F9-CF87-4097-86D8-36134279A38B}
		{C9DD0A76-9B56-4C83-B48A-FFB46784E332} = {785351F9-CF87-4097-86D8-36134279A38B}
		{20B0EEEC-1728-47AD-B69F-F45E394F10F5} = {785351F9-CF87-4097-86D8-36134279A38B}
		{002E25C9-2021-46B6-BEC1-575CD5ACD19F} = {785351F9-CF87-4097-86D8-36134279A38B}
		{31B366B2-5D95-40A5-B0FE-0AB27FDEC2E7} = {785351F9-CF87-4097-86D8-36134279A38B}
	EndGlobalSection
EndGlobal
